{
  "name": "react-tiny-mvvm",
  "version": "0.0.3",
  "lockfileVersion": 1,
  "requires": true,
  "dependencies": {
    "@types/jest": {
      "version": "22.0.1",
      "resolved": "http://registry.npm.taobao.org/@types/jest/download/@types/jest-22.0.1.tgz",
      "integrity": "sha1-Y3Cm1gzOOEXkzV0Av2X2VCZGhbw=",
      "dev": true
    },
    "@types/node": {
      "version": "8.5.9",
      "resolved": "http://registry.npm.taobao.org/@types/node/download/@types/node-8.5.9.tgz",
      "integrity": "sha1-cVXPtK5AW8pN2N8aIUwznpORCb8=",
      "dev": true
    },
    "@types/react": {
      "version": "16.0.34",
      "resolved": "http://registry.npm.taobao.org/@types/react/download/@types/react-16.0.34.tgz",
      "integrity": "sha1-eo95Wv2KQEqcSvlTmyTHXTmWkU4=",
      "dev": true
    },
    "@types/react-dom": {
      "version": "16.0.3",
      "resolved": "http://registry.npm.taobao.org/@types/react-dom/download/@types/react-dom-16.0.3.tgz",
      "integrity": "sha1-isytfqvatMyj4aVvXMtX3i2g/2Q=",
      "dev": true,
      "requires": {
        "@types/node": "8.5.9",
        "@types/react": "16.0.34"
      }
    },
    "typescript": {
      "version": "2.6.2",
      "resolved": "http://registry.npm.taobao.org/typescript/download/typescript-2.6.2.tgz",
      "integrity": "sha1-PFtv1/beCRQmkCfwPAlGdY92c6Q=",
      "dev": true
    }
  }
}
