{
  "name": "todo-list",
  "version": "0.1.0",
  "lockfileVersion": 1,
  "requires": true,
  "dependencies": {
    "bootstrap": {
      "version": "3.3.7",
      "resolved": "https://registry.npmjs.org/bootstrap/-/bootstrap-3.3.7.tgz",
      "integrity": "sha1-WjiTlFSfIzMIdaOxUGVldPip63E="
    },
    "react-tiny-mvvm": {
      "version": "0.0.3",
      "resolved": "https://registry.npmjs.org/react-tiny-mvvm/-/react-tiny-mvvm-0.0.3.tgz",
      "integrity": "sha512-X8f57Ea14mvvUqTD6O35lLhQMGvU0LrX0JxpW5lvayv2bgo1T5Nc/kw7mS9R93lOuNuHqpbsmW8LapPi9JnZHg=="
    }
  }
}
